// !$*UTF8*$!
{
	archiveVersion = 1;
	classes = {
	};
	objectVersion = 56;
	objects = {

/* Begin PBXBuildFile section */
		A03EC7662A91581900ED1018 /* AuthService.swift in Sources */ = {isa = PBXBuildFile; fileRef = A03EC7652A91581900ED1018 /* AuthService.swift */; };
		A03EC76A2A915C0300ED1018 /* ContentViewModel.swift in Sources */ = {isa = PBXBuildFile; fileRef = A03EC7692A915C0300ED1018 /* ContentViewModel.swift */; };
		A03EC76D2A91895E00ED1018 /* RegistrationViewModel.swift in Sources */ = {isa = PBXBuildFile; fileRef = A03EC76C2A91895E00ED1018 /* RegistrationViewModel.swift */; };
		A06AAD852A9D945600D60228 /* GoogleService-Info.plist in Resources */ = {isa = PBXBuildFile; fileRef = A06AAD842A9D945600D60228 /* GoogleService-Info.plist */; };
		A06AAD872A9EA56E00D60228 /* LoginViewModel.swift in Sources */ = {isa = PBXBuildFile; fileRef = A06AAD862A9EA56E00D60228 /* LoginViewModel.swift */; };
		A06AAD892A9FFB5600D60228 /* UserService.swift in Sources */ = {isa = PBXBuildFile; fileRef = A06AAD882A9FFB5600D60228 /* UserService.swift */; };
		A06AAD8D2A9FFC6F00D60228 /* SearchViewModel.swift in Sources */ = {isa = PBXBuildFile; fileRef = A06AAD8C2A9FFC6F00D60228 /* SearchViewModel.swift */; };
		A06AAD8F2AA03C4800D60228 /* EditProfileView.swift in Sources */ = {isa = PBXBuildFile; fileRef = A06AAD8E2AA03C4800D60228 /* EditProfileView.swift */; };
		A06AAD932AA3D1CB00D60228 /* EditProfileViewModel.swift in Sources */ = {isa = PBXBuildFile; fileRef = A06AAD922AA3D1CB00D60228 /* EditProfileViewModel.swift */; };
		A08AD8002A81AC57002AA822 /* MainTabView.swift in Sources */ = {isa = PBXBuildFile; fileRef = A08AD7FF2A81AC57002AA822 /* MainTabView.swift */; };
		A08AD8022A81ADEA002AA822 /* ProfileView.swift in Sources */ = {isa = PBXBuildFile; fileRef = A08AD8012A81ADEA002AA822 /* ProfileView.swift */; };
		A08AD8052A81C394002AA822 /* UserStatView.swift in Sources */ = {isa = PBXBuildFile; fileRef = A08AD8042A81C394002AA822 /* UserStatView.swift */; };
		A08AD8072A81C877002AA822 /* FeedView.swift in Sources */ = {isa = PBXBuildFile; fileRef = A08AD8062A81C877002AA822 /* FeedView.swift */; };
		A08AD8092A81C888002AA822 /* FeedCell.swift in Sources */ = {isa = PBXBuildFile; fileRef = A08AD8082A81C888002AA822 /* FeedCell.swift */; };
		A08AD80D2A832258002AA822 /* SearchView.swift in Sources */ = {isa = PBXBuildFile; fileRef = A08AD80C2A832258002AA822 /* SearchView.swift */; };
		A08AD80F2A83268C002AA822 /* LoginView.swift in Sources */ = {isa = PBXBuildFile; fileRef = A08AD80E2A83268C002AA822 /* LoginView.swift */; };
		A08AD8112A844BF9002AA822 /* AddEmailView.swift in Sources */ = {isa = PBXBuildFile; fileRef = A08AD8102A844BF9002AA822 /* AddEmailView.swift */; };
		A08AD8132A8451EB002AA822 /* IGTextFieldModifier.swift in Sources */ = {isa = PBXBuildFile; fileRef = A08AD8122A8451EB002AA822 /* IGTextFieldModifier.swift */; };
		A08AD8152A845426002AA822 /* CreateUserName.swift in Sources */ = {isa = PBXBuildFile; fileRef = A08AD8142A845426002AA822 /* CreateUserName.swift */; };
		A08AD8172A845783002AA822 /* CreatePasswordView.swift in Sources */ = {isa = PBXBuildFile; fileRef = A08AD8162A845783002AA822 /* CreatePasswordView.swift */; };
		A08AD8192A8461EC002AA822 /* CompleteSignUpView.swift in Sources */ = {isa = PBXBuildFile; fileRef = A08AD8182A8461EB002AA822 /* CompleteSignUpView.swift */; };
		A08AD81B2A846787002AA822 /* User.swift in Sources */ = {isa = PBXBuildFile; fileRef = A08AD81A2A846787002AA822 /* User.swift */; };
		A08AD81D2A846E8B002AA822 /* CurrentProfileView.swift in Sources */ = {isa = PBXBuildFile; fileRef = A08AD81C2A846E8B002AA822 /* CurrentProfileView.swift */; };
		A08AD81F2A85CC6B002AA822 /* Post.swift in Sources */ = {isa = PBXBuildFile; fileRef = A08AD81E2A85CC6B002AA822 /* Post.swift */; };
		A08AD8212A872F81002AA822 /* PostGridView.swift in Sources */ = {isa = PBXBuildFile; fileRef = A08AD8202A872F81002AA822 /* PostGridView.swift */; };
		A08AD8232A8734F8002AA822 /* ProfileHeaderView.swift in Sources */ = {isa = PBXBuildFile; fileRef = A08AD8222A8734F8002AA822 /* ProfileHeaderView.swift */; };
		A08AD8252A873A30002AA822 /* UploadPostView.swift in Sources */ = {isa = PBXBuildFile; fileRef = A08AD8242A873A30002AA822 /* UploadPostView.swift */; };
		A08AD8272A87F957002AA822 /* UploadPostVM.swift in Sources */ = {isa = PBXBuildFile; fileRef = A08AD8262A87F957002AA822 /* UploadPostVM.swift */; };
		A09DDE5D2A9152DB00D29FE7 /* FirebaseAuth in Frameworks */ = {isa = PBXBuildFile; productRef = A09DDE5C2A9152DB00D29FE7 /* FirebaseAuth */; };
		A09DDE5F2A9152DB00D29FE7 /* FirebaseFirestore in Frameworks */ = {isa = PBXBuildFile; productRef = A09DDE5E2A9152DB00D29FE7 /* FirebaseFirestore */; };
		A09DDE612A9152DB00D29FE7 /* FirebaseFirestoreSwift in Frameworks */ = {isa = PBXBuildFile; productRef = A09DDE602A9152DB00D29FE7 /* FirebaseFirestoreSwift */; };
		A09DDE632A9152DB00D29FE7 /* FirebaseStorage in Frameworks */ = {isa = PBXBuildFile; productRef = A09DDE622A9152DB00D29FE7 /* FirebaseStorage */; };
		A0CF03AE2A81AA4B000216FE /* instagram_cloneApp.swift in Sources */ = {isa = PBXBuildFile; fileRef = A0CF03AD2A81AA4B000216FE /* instagram_cloneApp.swift */; };
		A0CF03B02A81AA4B000216FE /* ContentView.swift in Sources */ = {isa = PBXBuildFile; fileRef = A0CF03AF2A81AA4B000216FE /* ContentView.swift */; };
		A0CF03B22A81AA4C000216FE /* Assets.xcassets in Resources */ = {isa = PBXBuildFile; fileRef = A0CF03B12A81AA4C000216FE /* Assets.xcassets */; };
		A0CF03B52A81AA4C000216FE /* Preview Assets.xcassets in Resources */ = {isa = PBXBuildFile; fileRef = A0CF03B42A81AA4C000216FE /* Preview Assets.xcassets */; };
		A0F253092AA6181D00E0FEF1 /* ImageUploader.swift in Sources */ = {isa = PBXBuildFile; fileRef = A0F253082AA6181D00E0FEF1 /* ImageUploader.swift */; };
		A0F2530C2AA6269200E0FEF1 /* Kingfisher in Frameworks */ = {isa = PBXBuildFile; productRef = A0F2530B2AA6269200E0FEF1 /* Kingfisher */; };
		A0F2530E2AA6276000E0FEF1 /* CircularProfileImageView.swift in Sources */ = {isa = PBXBuildFile; fileRef = A0F2530D2AA6276000E0FEF1 /* CircularProfileImageView.swift */; };
		A0F253162AA7E38000E0FEF1 /* FeedViewModel.swift in Sources */ = {isa = PBXBuildFile; fileRef = A0F253152AA7E38000E0FEF1 /* FeedViewModel.swift */; };
		A0F253182AA809BC00E0FEF1 /* PostService.swift in Sources */ = {isa = PBXBuildFile; fileRef = A0F253172AA809BC00E0FEF1 /* PostService.swift */; };
		A0F2531C2AA8137100E0FEF1 /* PostGridViewModel.swift in Sources */ = {isa = PBXBuildFile; fileRef = A0F2531B2AA8137100E0FEF1 /* PostGridViewModel.swift */; };
/* End PBXBuildFile section */

/* Begin PBXFileReference section */
		A03EC7652A91581900ED1018 /* AuthService.swift */ = {isa = PBXFileReference; lastKnownFileType = sourcecode.swift; path = AuthService.swift; sourceTree = "<group>"; };
		A03EC7692A915C0300ED1018 /* ContentViewModel.swift */ = {isa = PBXFileReference; lastKnownFileType = sourcecode.swift; path = ContentViewModel.swift; sourceTree = "<group>"; };
		A03EC76C2A91895E00ED1018 /* RegistrationViewModel.swift */ = {isa = PBXFileReference; lastKnownFileType = sourcecode.swift; path = RegistrationViewModel.swift; sourceTree = "<group>"; };
		A06AAD842A9D945600D60228 /* GoogleService-Info.plist */ = {isa = PBXFileReference; fileEncoding = 4; lastKnownFileType = text.plist.xml; path = "GoogleService-Info.plist"; sourceTree = "<group>"; };
		A06AAD862A9EA56E00D60228 /* LoginViewModel.swift */ = {isa = PBXFileReference; lastKnownFileType = sourcecode.swift; path = LoginViewModel.swift; sourceTree = "<group>"; };
		A06AAD882A9FFB5600D60228 /* UserService.swift */ = {isa = PBXFileReference; lastKnownFileType = sourcecode.swift; path = UserService.swift; sourceTree = "<group>"; };
		A06AAD8C2A9FFC6F00D60228 /* SearchViewModel.swift */ = {isa = PBXFileReference; lastKnownFileType = sourcecode.swift; path = SearchViewModel.swift; sourceTree = "<group>"; };
		A06AAD8E2AA03C4800D60228 /* EditProfileView.swift */ = {isa = PBXFileReference; lastKnownFileType = sourcecode.swift; path = EditProfileView.swift; sourceTree = "<group>"; };
		A06AAD922AA3D1CB00D60228 /* EditProfileViewModel.swift */ = {isa = PBXFileReference; lastKnownFileType = sourcecode.swift; path = EditProfileViewModel.swift; sourceTree = "<group>"; };
		A08AD7FF2A81AC57002AA822 /* MainTabView.swift */ = {isa = PBXFileReference; lastKnownFileType = sourcecode.swift; path = MainTabView.swift; sourceTree = "<group>"; };
		A08AD8012A81ADEA002AA822 /* ProfileView.swift */ = {isa = PBXFileReference; lastKnownFileType = sourcecode.swift; path = ProfileView.swift; sourceTree = "<group>"; };
		A08AD8042A81C394002AA822 /* UserStatView.swift */ = {isa = PBXFileReference; lastKnownFileType = sourcecode.swift; path = UserStatView.swift; sourceTree = "<group>"; };
		A08AD8062A81C877002AA822 /* FeedView.swift */ = {isa = PBXFileReference; lastKnownFileType = sourcecode.swift; path = FeedView.swift; sourceTree = "<group>"; };
		A08AD8082A81C888002AA822 /* FeedCell.swift */ = {isa = PBXFileReference; lastKnownFileType = sourcecode.swift; path = FeedCell.swift; sourceTree = "<group>"; };
		A08AD80C2A832258002AA822 /* SearchView.swift */ = {isa = PBXFileReference; lastKnownFileType = sourcecode.swift; path = SearchView.swift; sourceTree = "<group>"; };
		A08AD80E2A83268C002AA822 /* LoginView.swift */ = {isa = PBXFileReference; lastKnownFileType = sourcecode.swift; path = LoginView.swift; sourceTree = "<group>"; };
		A08AD8102A844BF9002AA822 /* AddEmailView.swift */ = {isa = PBXFileReference; lastKnownFileType = sourcecode.swift; path = AddEmailView.swift; sourceTree = "<group>"; };
		A08AD8122A8451EB002AA822 /* IGTextFieldModifier.swift */ = {isa = PBXFileReference; lastKnownFileType = sourcecode.swift; path = IGTextFieldModifier.swift; sourceTree = "<group>"; };
		A08AD8142A845426002AA822 /* CreateUserName.swift */ = {isa = PBXFileReference; lastKnownFileType = sourcecode.swift; path = CreateUserName.swift; sourceTree = "<group>"; };
		A08AD8162A845783002AA822 /* CreatePasswordView.swift */ = {isa = PBXFileReference; lastKnownFileType = sourcecode.swift; path = CreatePasswordView.swift; sourceTree = "<group>"; };
		A08AD8182A8461EB002AA822 /* CompleteSignUpView.swift */ = {isa = PBXFileReference; lastKnownFileType = sourcecode.swift; path = CompleteSignUpView.swift; sourceTree = "<group>"; };
		A08AD81A2A846787002AA822 /* User.swift */ = {isa = PBXFileReference; lastKnownFileType = sourcecode.swift; path = User.swift; sourceTree = "<group>"; };
		A08AD81C2A846E8B002AA822 /* CurrentProfileView.swift */ = {isa = PBXFileReference; lastKnownFileType = sourcecode.swift; path = CurrentProfileView.swift; sourceTree = "<group>"; };
		A08AD81E2A85CC6B002AA822 /* Post.swift */ = {isa = PBXFileReference; lastKnownFileType = sourcecode.swift; path = Post.swift; sourceTree = "<group>"; };
		A08AD8202A872F81002AA822 /* PostGridView.swift */ = {isa = PBXFileReference; lastKnownFileType = sourcecode.swift; path = PostGridView.swift; sourceTree = "<group>"; };
		A08AD8222A8734F8002AA822 /* ProfileHeaderView.swift */ = {isa = PBXFileReference; lastKnownFileType = sourcecode.swift; path = ProfileHeaderView.swift; sourceTree = "<group>"; };
		A08AD8242A873A30002AA822 /* UploadPostView.swift */ = {isa = PBXFileReference; lastKnownFileType = sourcecode.swift; path = UploadPostView.swift; sourceTree = "<group>"; };
		A08AD8262A87F957002AA822 /* UploadPostVM.swift */ = {isa = PBXFileReference; lastKnownFileType = sourcecode.swift; path = UploadPostVM.swift; sourceTree = "<group>"; };
		A0CF03AA2A81AA4B000216FE /* instagram-clone.app */ = {isa = PBXFileReference; explicitFileType = wrapper.application; includeInIndex = 0; path = "instagram-clone.app"; sourceTree = BUILT_PRODUCTS_DIR; };
		A0CF03AD2A81AA4B000216FE /* instagram_cloneApp.swift */ = {isa = PBXFileReference; lastKnownFileType = sourcecode.swift; path = instagram_cloneApp.swift; sourceTree = "<group>"; };
		A0CF03AF2A81AA4B000216FE /* ContentView.swift */ = {isa = PBXFileReference; lastKnownFileType = sourcecode.swift; path = ContentView.swift; sourceTree = "<group>"; };
		A0CF03B12A81AA4C000216FE /* Assets.xcassets */ = {isa = PBXFileReference; lastKnownFileType = folder.assetcatalog; path = Assets.xcassets; sourceTree = "<group>"; };
		A0CF03B42A81AA4C000216FE /* Preview Assets.xcassets */ = {isa = PBXFileReference; lastKnownFileType = folder.assetcatalog; path = "Preview Assets.xcassets"; sourceTree = "<group>"; };
		A0F253082AA6181D00E0FEF1 /* ImageUploader.swift */ = {isa = PBXFileReference; lastKnownFileType = sourcecode.swift; path = ImageUploader.swift; sourceTree = "<group>"; };
		A0F2530D2AA6276000E0FEF1 /* CircularProfileImageView.swift */ = {isa = PBXFileReference; lastKnownFileType = sourcecode.swift; path = CircularProfileImageView.swift; sourceTree = "<group>"; };
		A0F253152AA7E38000E0FEF1 /* FeedViewModel.swift */ = {isa = PBXFileReference; lastKnownFileType = sourcecode.swift; path = FeedViewModel.swift; sourceTree = "<group>"; };
		A0F253172AA809BC00E0FEF1 /* PostService.swift */ = {isa = PBXFileReference; lastKnownFileType = sourcecode.swift; path = PostService.swift; sourceTree = "<group>"; };
		A0F2531B2AA8137100E0FEF1 /* PostGridViewModel.swift */ = {isa = PBXFileReference; lastKnownFileType = sourcecode.swift; path = PostGridViewModel.swift; sourceTree = "<group>"; };
/* End PBXFileReference section */

/* Begin PBXFrameworksBuildPhase section */
		A0CF03A72A81AA4B000216FE /* Frameworks */ = {
			isa = PBXFrameworksBuildPhase;
			buildActionMask = 2147483647;
			files = (
				A09DDE5D2A9152DB00D29FE7 /* FirebaseAuth in Frameworks */,
				A09DDE632A9152DB00D29FE7 /* FirebaseStorage in Frameworks */,
				A09DDE5F2A9152DB00D29FE7 /* FirebaseFirestore in Frameworks */,
				A09DDE612A9152DB00D29FE7 /* FirebaseFirestoreSwift in Frameworks */,
				A0F2530C2AA6269200E0FEF1 /* Kingfisher in Frameworks */,
			);
			runOnlyForDeploymentPostprocessing = 0;
		};
/* End PBXFrameworksBuildPhase section */

/* Begin PBXGroup section */
		A03EC7632A9157EA00ED1018 /* Services */ = {
			isa = PBXGroup;
			children = (
				A03EC7652A91581900ED1018 /* AuthService.swift */,
			);
			path = Services;
			sourceTree = "<group>";
		};
		A03EC7672A915BAB00ED1018 /* View */ = {
			isa = PBXGroup;
			children = (
				A0CF03AF2A81AA4B000216FE /* ContentView.swift */,
			);
			path = View;
			sourceTree = "<group>";
		};
		A03EC7682A915BB300ED1018 /* ViewModel */ = {
			isa = PBXGroup;
			children = (
				A03EC7692A915C0300ED1018 /* ContentViewModel.swift */,
			);
			path = ViewModel;
			sourceTree = "<group>";
		};
		A03EC76B2A91894900ED1018 /* ViewModel */ = {
			isa = PBXGroup;
			children = (
				A03EC76C2A91895E00ED1018 /* RegistrationViewModel.swift */,
				A06AAD862A9EA56E00D60228 /* LoginViewModel.swift */,
			);
			path = ViewModel;
			sourceTree = "<group>";
		};
		A06AAD8A2A9FFC2300D60228 /* ViewModel */ = {
			isa = PBXGroup;
			children = (
				A06AAD8C2A9FFC6F00D60228 /* SearchViewModel.swift */,
			);
			path = ViewModel;
			sourceTree = "<group>";
		};
		A06AAD8B2A9FFC2B00D60228 /* View */ = {
			isa = PBXGroup;
			children = (
				A08AD80C2A832258002AA822 /* SearchView.swift */,
			);
			path = View;
			sourceTree = "<group>";
		};
		A06AAD902AA3D16200D60228 /* View */ = {
			isa = PBXGroup;
			children = (
				A08AD8012A81ADEA002AA822 /* ProfileView.swift */,
				A08AD81C2A846E8B002AA822 /* CurrentProfileView.swift */,
				A08AD8222A8734F8002AA822 /* ProfileHeaderView.swift */,
				A06AAD8E2AA03C4800D60228 /* EditProfileView.swift */,
			);
			path = View;
			sourceTree = "<group>";
		};
		A06AAD912AA3D16800D60228 /* ViewModel */ = {
			isa = PBXGroup;
			children = (
				A06AAD922AA3D1CB00D60228 /* EditProfileViewModel.swift */,
			);
			path = ViewModel;
			sourceTree = "<group>";
		};
		A08AD7F32A81AB28002AA822 /* Core */ = {
			isa = PBXGroup;
			children = (
				A08AD7F82A81AB9A002AA822 /* Authentication */,
				A08AD8032A81C378002AA822 /* Components */,
				A08AD7F92A81ABA5002AA822 /* Feed */,
				A08AD7FA2A81ABAA002AA822 /* Profile */,
				A08AD7FB2A81ABD6002AA822 /* Root */,
				A08AD7FC2A81ABDF002AA822 /* Search */,
				A08AD7FD2A81AC03002AA822 /* TabBar */,
				A08AD7FE2A81AC11002AA822 /* UploadPost */,
			);
			path = Core;
			sourceTree = "<group>";
		};
		A08AD7F42A81AB41002AA822 /* Extensions */ = {
			isa = PBXGroup;
			children = (
			);
			path = Extensions;
			sourceTree = "<group>";
		};
		A08AD7F52A81AB61002AA822 /* Model */ = {
			isa = PBXGroup;
			children = (
				A08AD81A2A846787002AA822 /* User.swift */,
				A08AD81E2A85CC6B002AA822 /* Post.swift */,
			);
			path = Model;
			sourceTree = "<group>";
		};
		A08AD7F62A81AB68002AA822 /* Services */ = {
			isa = PBXGroup;
			children = (
				A06AAD882A9FFB5600D60228 /* UserService.swift */,
				A0F253082AA6181D00E0FEF1 /* ImageUploader.swift */,
				A0F253172AA809BC00E0FEF1 /* PostService.swift */,
			);
			path = Services;
			sourceTree = "<group>";
		};
		A08AD7F72A81AB73002AA822 /* App */ = {
			isa = PBXGroup;
			children = (
				A0CF03AD2A81AA4B000216FE /* instagram_cloneApp.swift */,
				A06AAD842A9D945600D60228 /* GoogleService-Info.plist */,
			);
			path = App;
			sourceTree = "<group>";
		};
		A08AD7F82A81AB9A002AA822 /* Authentication */ = {
			isa = PBXGroup;
			children = (
				A03EC76B2A91894900ED1018 /* ViewModel */,
				A03EC7632A9157EA00ED1018 /* Services */,
				A09DDE642A91576800D29FE7 /* View */,
			);
			path = Authentication;
			sourceTree = "<group>";
		};
		A08AD7F92A81ABA5002AA822 /* Feed */ = {
			isa = PBXGroup;
			children = (
				A0F253132AA7E2E000E0FEF1 /* View */,
				A0F253142AA7E2E600E0FEF1 /* ViewModel */,
			);
			path = Feed;
			sourceTree = "<group>";
		};
		A08AD7FA2A81ABAA002AA822 /* Profile */ = {
			isa = PBXGroup;
			children = (
				A06AAD912AA3D16800D60228 /* ViewModel */,
				A06AAD902AA3D16200D60228 /* View */,
			);
			path = Profile;
			sourceTree = "<group>";
		};
		A08AD7FB2A81ABD6002AA822 /* Root */ = {
			isa = PBXGroup;
			children = (
				A03EC7672A915BAB00ED1018 /* View */,
				A03EC7682A915BB300ED1018 /* ViewModel */,
			);
			path = Root;
			sourceTree = "<group>";
		};
		A08AD7FC2A81ABDF002AA822 /* Search */ = {
			isa = PBXGroup;
			children = (
				A06AAD8B2A9FFC2B00D60228 /* View */,
				A06AAD8A2A9FFC2300D60228 /* ViewModel */,
			);
			path = Search;
			sourceTree = "<group>";
		};
		A08AD7FD2A81AC03002AA822 /* TabBar */ = {
			isa = PBXGroup;
			children = (
				A08AD7FF2A81AC57002AA822 /* MainTabView.swift */,
			);
			path = TabBar;
			sourceTree = "<group>";
		};
		A08AD7FE2A81AC11002AA822 /* UploadPost */ = {
			isa = PBXGroup;
			children = (
				A0F253112AA63D0700E0FEF1 /* View */,
				A0F253122AA63D0D00E0FEF1 /* ViewModel */,
			);
			path = UploadPost;
			sourceTree = "<group>";
		};
		A08AD8032A81C378002AA822 /* Components */ = {
			isa = PBXGroup;
			children = (
				A0F253192AA8133E00E0FEF1 /* View */,
				A0F2531A2AA8134500E0FEF1 /* ViewModel */,
			);
			path = Components;
			sourceTree = "<group>";
		};
		A09DDE642A91576800D29FE7 /* View */ = {
			isa = PBXGroup;
			children = (
				A08AD80E2A83268C002AA822 /* LoginView.swift */,
				A08AD8102A844BF9002AA822 /* AddEmailView.swift */,
				A08AD8142A845426002AA822 /* CreateUserName.swift */,
				A08AD8162A845783002AA822 /* CreatePasswordView.swift */,
				A08AD8182A8461EB002AA822 /* CompleteSignUpView.swift */,
			);
			path = View;
			sourceTree = "<group>";
		};
		A0CF03A12A81AA4B000216FE = {
			isa = PBXGroup;
			children = (
				A0CF03AC2A81AA4B000216FE /* instagram-clone */,
				A0CF03AB2A81AA4B000216FE /* Products */,
			);
			sourceTree = "<group>";
		};
		A0CF03AB2A81AA4B000216FE /* Products */ = {
			isa = PBXGroup;
			children = (
				A0CF03AA2A81AA4B000216FE /* instagram-clone.app */,
			);
			name = Products;
			sourceTree = "<group>";
		};
		A0CF03AC2A81AA4B000216FE /* instagram-clone */ = {
			isa = PBXGroup;
			children = (
				A08AD7F72A81AB73002AA822 /* App */,
				A08AD7F32A81AB28002AA822 /* Core */,
				A08AD7F42A81AB41002AA822 /* Extensions */,
				A08AD7F52A81AB61002AA822 /* Model */,
				A08AD7F62A81AB68002AA822 /* Services */,
				A0CF03B12A81AA4C000216FE /* Assets.xcassets */,
				A0CF03B32A81AA4C000216FE /* Preview Content */,
			);
			path = "instagram-clone";
			sourceTree = "<group>";
		};
		A0CF03B32A81AA4C000216FE /* Preview Content */ = {
			isa = PBXGroup;
			children = (
				A0CF03B42A81AA4C000216FE /* Preview Assets.xcassets */,
			);
			path = "Preview Content";
			sourceTree = "<group>";
		};
		A0F253112AA63D0700E0FEF1 /* View */ = {
			isa = PBXGroup;
			children = (
				A08AD8242A873A30002AA822 /* UploadPostView.swift */,
			);
			path = View;
			sourceTree = "<group>";
		};
		A0F253122AA63D0D00E0FEF1 /* ViewModel */ = {
			isa = PBXGroup;
			children = (
				A08AD8262A87F957002AA822 /* UploadPostVM.swift */,
			);
			path = ViewModel;
			sourceTree = "<group>";
		};
		A0F253132AA7E2E000E0FEF1 /* View */ = {
			isa = PBXGroup;
			children = (
				A08AD8062A81C877002AA822 /* FeedView.swift */,
				A08AD8082A81C888002AA822 /* FeedCell.swift */,
			);
			path = View;
			sourceTree = "<group>";
		};
		A0F253142AA7E2E600E0FEF1 /* ViewModel */ = {
			isa = PBXGroup;
			children = (
				A0F253152AA7E38000E0FEF1 /* FeedViewModel.swift */,
			);
			path = ViewModel;
			sourceTree = "<group>";
		};
		A0F253192AA8133E00E0FEF1 /* View */ = {
			isa = PBXGroup;
			children = (
				A08AD8042A81C394002AA822 /* UserStatView.swift */,
				A08AD8122A8451EB002AA822 /* IGTextFieldModifier.swift */,
				A0F2530D2AA6276000E0FEF1 /* CircularProfileImageView.swift */,
				A08AD8202A872F81002AA822 /* PostGridView.swift */,
			);
			path = View;
			sourceTree = "<group>";
		};
		A0F2531A2AA8134500E0FEF1 /* ViewModel */ = {
			isa = PBXGroup;
			children = (
				A0F2531B2AA8137100E0FEF1 /* PostGridViewModel.swift */,
			);
			path = ViewModel;
			sourceTree = "<group>";
		};
/* End PBXGroup section */

/* Begin PBXNativeTarget section */
		A0CF03A92A81AA4B000216FE /* instagram-clone */ = {
			isa = PBXNativeTarget;
			buildConfigurationList = A0CF03B82A81AA4C000216FE /* Build configuration list for PBXNativeTarget "instagram-clone" */;
			buildPhases = (
				A0CF03A62A81AA4B000216FE /* Sources */,
				A0CF03A72A81AA4B000216FE /* Frameworks */,
				A0CF03A82A81AA4B000216FE /* Resources */,
			);
			buildRules = (
			);
			dependencies = (
			);
			name = "instagram-clone";
			packageProductDependencies = (
				A09DDE5C2A9152DB00D29FE7 /* FirebaseAuth */,
				A09DDE5E2A9152DB00D29FE7 /* FirebaseFirestore */,
				A09DDE602A9152DB00D29FE7 /* FirebaseFirestoreSwift */,
				A09DDE622A9152DB00D29FE7 /* FirebaseStorage */,
				A0F2530B2AA6269200E0FEF1 /* Kingfisher */,
			);
			productName = "instagram-clone";
			productReference = A0CF03AA2A81AA4B000216FE /* instagram-clone.app */;
			productType = "com.apple.product-type.application";
		};
/* End PBXNativeTarget section */

/* Begin PBXProject section */
		A0CF03A22A81AA4B000216FE /* Project object */ = {
			isa = PBXProject;
			attributes = {
				BuildIndependentTargetsInParallel = 1;
				LastSwiftUpdateCheck = 1430;
				LastUpgradeCheck = 1430;
				TargetAttributes = {
					A0CF03A92A81AA4B000216FE = {
						CreatedOnToolsVersion = 14.3.1;
					};
				};
			};
			buildConfigurationList = A0CF03A52A81AA4B000216FE /* Build configuration list for PBXProject "instagram-clone" */;
			compatibilityVersion = "Xcode 14.0";
			developmentRegion = en;
			hasScannedForEncodings = 0;
			knownRegions = (
				en,
				Base,
			);
			mainGroup = A0CF03A12A81AA4B000216FE;
			packageReferences = (
				A09DDE5B2A9152DA00D29FE7 /* XCRemoteSwiftPackageReference "firebase-ios-sdk" */,
				A0F2530A2AA6269200E0FEF1 /* XCRemoteSwiftPackageReference "Kingfisher" */,
			);
			productRefGroup = A0CF03AB2A81AA4B000216FE /* Products */;
			projectDirPath = "";
			projectRoot = "";
			targets = (
				A0CF03A92A81AA4B000216FE /* instagram-clone */,
			);
		};
/* End PBXProject section */

/* Begin PBXResourcesBuildPhase section */
		A0CF03A82A81AA4B000216FE /* Resources */ = {
			isa = PBXResourcesBuildPhase;
			buildActionMask = 2147483647;
			files = (
				A0CF03B52A81AA4C000216FE /* Preview Assets.xcassets in Resources */,
				A0CF03B22A81AA4C000216FE /* Assets.xcassets in Resources */,
				A06AAD852A9D945600D60228 /* GoogleService-Info.plist in Resources */,
			);
			runOnlyForDeploymentPostprocessing = 0;
		};
/* End PBXResourcesBuildPhase section */

/* Begin PBXSourcesBuildPhase section */
		A0CF03A62A81AA4B000216FE /* Sources */ = {
			isa = PBXSourcesBuildPhase;
			buildActionMask = 2147483647;
			files = (
				A08AD8092A81C888002AA822 /* FeedCell.swift in Sources */,
				A08AD8252A873A30002AA822 /* UploadPostView.swift in Sources */,
				A08AD8022A81ADEA002AA822 /* ProfileView.swift in Sources */,
				A08AD81D2A846E8B002AA822 /* CurrentProfileView.swift in Sources */,
				A0CF03B02A81AA4B000216FE /* ContentView.swift in Sources */,
				A06AAD932AA3D1CB00D60228 /* EditProfileViewModel.swift in Sources */,
				A03EC7662A91581900ED1018 /* AuthService.swift in Sources */,
				A06AAD892A9FFB5600D60228 /* UserService.swift in Sources */,
				A08AD81F2A85CC6B002AA822 /* Post.swift in Sources */,
				A08AD80F2A83268C002AA822 /* LoginView.swift in Sources */,
				A0CF03AE2A81AA4B000216FE /* instagram_cloneApp.swift in Sources */,
				A08AD8272A87F957002AA822 /* UploadPostVM.swift in Sources */,
				A08AD8112A844BF9002AA822 /* AddEmailView.swift in Sources */,
				A08AD8212A872F81002AA822 /* PostGridView.swift in Sources */,
				A0F253162AA7E38000E0FEF1 /* FeedViewModel.swift in Sources */,
				A03EC76A2A915C0300ED1018 /* ContentViewModel.swift in Sources */,
				A0F253182AA809BC00E0FEF1 /* PostService.swift in Sources */,
				A06AAD8F2AA03C4800D60228 /* EditProfileView.swift in Sources */,
				A0F2531C2AA8137100E0FEF1 /* PostGridViewModel.swift in Sources */,
				A03EC76D2A91895E00ED1018 /* RegistrationViewModel.swift in Sources */,
				A0F253092AA6181D00E0FEF1 /* ImageUploader.swift in Sources */,
				A08AD80D2A832258002AA822 /* SearchView.swift in Sources */,
				A08AD8232A8734F8002AA822 /* ProfileHeaderView.swift in Sources */,
				A06AAD872A9EA56E00D60228 /* LoginViewModel.swift in Sources */,
				A08AD8192A8461EC002AA822 /* CompleteSignUpView.swift in Sources */,
				A08AD81B2A846787002AA822 /* User.swift in Sources */,
				A08AD8132A8451EB002AA822 /* IGTextFieldModifier.swift in Sources */,
				A08AD8052A81C394002AA822 /* UserStatView.swift in Sources */,
				A08AD8072A81C877002AA822 /* FeedView.swift in Sources */,
				A08AD8002A81AC57002AA822 /* MainTabView.swift in Sources */,
				A0F2530E2AA6276000E0FEF1 /* CircularProfileImageView.swift in Sources */,
				A06AAD8D2A9FFC6F00D60228 /* SearchViewModel.swift in Sources */,
				A08AD8152A845426002AA822 /* CreateUserName.swift in Sources */,
				A08AD8172A845783002AA822 /* CreatePasswordView.swift in Sources */,
			);
			runOnlyForDeploymentPostprocessing = 0;
		};
/* End PBXSourcesBuildPhase section */

/* Begin XCBuildConfiguration section */
		A0CF03B62A81AA4C000216FE /* Debug */ = {
			isa = XCBuildConfiguration;
			buildSettings = {
				ALWAYS_SEARCH_USER_PATHS = NO;
				CLANG_ANALYZER_NONNULL = YES;
				CLANG_ANALYZER_NUMBER_OBJECT_CONVERSION = YES_AGGRESSIVE;
				CLANG_CXX_LANGUAGE_STANDARD = "gnu++20";
				CLANG_ENABLE_MODULES = YES;
				CLANG_ENABLE_OBJC_ARC = YES;
				CLANG_ENABLE_OBJC_WEAK = YES;
				CLANG_WARN_BLOCK_CAPTURE_AUTORELEASING = YES;
				CLANG_WARN_BOOL_CONVERSION = YES;
				CLANG_WARN_COMMA = YES;
				CLANG_WARN_CONSTANT_CONVERSION = YES;
				CLANG_WARN_DEPRECATED_OBJC_IMPLEMENTATIONS = YES;
				CLANG_WARN_DIRECT_OBJC_ISA_USAGE = YES_ERROR;
				CLANG_WARN_DOCUMENTATION_COMMENTS = YES;
				CLANG_WARN_EMPTY_BODY = YES;
				CLANG_WARN_ENUM_CONVERSION = YES;
				CLANG_WARN_INFINITE_RECURSION = YES;
				CLANG_WARN_INT_CONVERSION = YES;
				CLANG_WARN_NON_LITERAL_NULL_CONVERSION = YES;
				CLANG_WARN_OBJC_IMPLICIT_RETAIN_SELF = YES;
				CLANG_WARN_OBJC_LITERAL_CONVERSION = YES;
				CLANG_WARN_OBJC_ROOT_CLASS = YES_ERROR;
				CLANG_WARN_QUOTED_INCLUDE_IN_FRAMEWORK_HEADER = YES;
				CLANG_WARN_RANGE_LOOP_ANALYSIS = YES;
				CLANG_WARN_STRICT_PROTOTYPES = YES;
				CLANG_WARN_SUSPICIOUS_MOVE = YES;
				CLANG_WARN_UNGUARDED_AVAILABILITY = YES_AGGRESSIVE;
				CLANG_WARN_UNREACHABLE_CODE = YES;
				CLANG_WARN__DUPLICATE_METHOD_MATCH = YES;
				COPY_PHASE_STRIP = NO;
				DEBUG_INFORMATION_FORMAT = dwarf;
				ENABLE_STRICT_OBJC_MSGSEND = YES;
				ENABLE_TESTABILITY = YES;
				GCC_C_LANGUAGE_STANDARD = gnu11;
				GCC_DYNAMIC_NO_PIC = NO;
				GCC_NO_COMMON_BLOCKS = YES;
				GCC_OPTIMIZATION_LEVEL = 0;
				GCC_PREPROCESSOR_DEFINITIONS = (
					"DEBUG=1",
					"$(inherited)",
				);
				GCC_WARN_64_TO_32_BIT_CONVERSION = YES;
				GCC_WARN_ABOUT_RETURN_TYPE = YES_ERROR;
				GCC_WARN_UNDECLARED_SELECTOR = YES;
				GCC_WARN_UNINITIALIZED_AUTOS = YES_AGGRESSIVE;
				GCC_WARN_UNUSED_FUNCTION = YES;
				GCC_WARN_UNUSED_VARIABLE = YES;
				IPHONEOS_DEPLOYMENT_TARGET = 16.4;
				MTL_ENABLE_DEBUG_INFO = INCLUDE_SOURCE;
				MTL_FAST_MATH = YES;
				ONLY_ACTIVE_ARCH = YES;
				SDKROOT = iphoneos;
				SWIFT_ACTIVE_COMPILATION_CONDITIONS = DEBUG;
				SWIFT_OPTIMIZATION_LEVEL = "-Onone";
			};
			name = Debug;
		};
		A0CF03B72A81AA4C000216FE /* Release */ = {
			isa = XCBuildConfiguration;
			buildSettings = {
				ALWAYS_SEARCH_USER_PATHS = NO;
				CLANG_ANALYZER_NONNULL = YES;
				CLANG_ANALYZER_NUMBER_OBJECT_CONVERSION = YES_AGGRESSIVE;
				CLANG_CXX_LANGUAGE_STANDARD = "gnu++20";
				CLANG_ENABLE_MODULES = YES;
				CLANG_ENABLE_OBJC_ARC = YES;
				CLANG_ENABLE_OBJC_WEAK = YES;
				CLANG_WARN_BLOCK_CAPTURE_AUTORELEASING = YES;
				CLANG_WARN_BOOL_CONVERSION = YES;
				CLANG_WARN_COMMA = YES;
				CLANG_WARN_CONSTANT_CONVERSION = YES;
				CLANG_WARN_DEPRECATED_OBJC_IMPLEMENTATIONS = YES;
				CLANG_WARN_DIRECT_OBJC_ISA_USAGE = YES_ERROR;
				CLANG_WARN_DOCUMENTATION_COMMENTS = YES;
				CLANG_WARN_EMPTY_BODY = YES;
				CLANG_WARN_ENUM_CONVERSION = YES;
				CLANG_WARN_INFINITE_RECURSION = YES;
				CLANG_WARN_INT_CONVERSION = YES;
				CLANG_WARN_NON_LITERAL_NULL_CONVERSION = YES;
				CLANG_WARN_OBJC_IMPLICIT_RETAIN_SELF = YES;
				CLANG_WARN_OBJC_LITERAL_CONVERSION = YES;
				CLANG_WARN_OBJC_ROOT_CLASS = YES_ERROR;
				CLANG_WARN_QUOTED_INCLUDE_IN_FRAMEWORK_HEADER = YES;
				CLANG_WARN_RANGE_LOOP_ANALYSIS = YES;
				CLANG_WARN_STRICT_PROTOTYPES = YES;
				CLANG_WARN_SUSPICIOUS_MOVE = YES;
				CLANG_WARN_UNGUARDED_AVAILABILITY = YES_AGGRESSIVE;
				CLANG_WARN_UNREACHABLE_CODE = YES;
				CLANG_WARN__DUPLICATE_METHOD_MATCH = YES;
				COPY_PHASE_STRIP = NO;
				DEBUG_INFORMATION_FORMAT = "dwarf-with-dsym";
				ENABLE_NS_ASSERTIONS = NO;
				ENABLE_STRICT_OBJC_MSGSEND = YES;
				GCC_C_LANGUAGE_STANDARD = gnu11;
				GCC_NO_COMMON_BLOCKS = YES;
				GCC_WARN_64_TO_32_BIT_CONVERSION = YES;
				GCC_WARN_ABOUT_RETURN_TYPE = YES_ERROR;
				GCC_WARN_UNDECLARED_SELECTOR = YES;
				GCC_WARN_UNINITIALIZED_AUTOS = YES_AGGRESSIVE;
				GCC_WARN_UNUSED_FUNCTION = YES;
				GCC_WARN_UNUSED_VARIABLE = YES;
				IPHONEOS_DEPLOYMENT_TARGET = 16.4;
				MTL_ENABLE_DEBUG_INFO = NO;
				MTL_FAST_MATH = YES;
				SDKROOT = iphoneos;
				SWIFT_COMPILATION_MODE = wholemodule;
				SWIFT_OPTIMIZATION_LEVEL = "-O";
				VALIDATE_PRODUCT = YES;
			};
			name = Release;
		};
		A0CF03B92A81AA4C000216FE /* Debug */ = {
			isa = XCBuildConfiguration;
			buildSettings = {
				ASSETCATALOG_COMPILER_APPICON_NAME = AppIcon;
				ASSETCATALOG_COMPILER_GLOBAL_ACCENT_COLOR_NAME = AccentColor;
				CODE_SIGN_STYLE = Automatic;
				CURRENT_PROJECT_VERSION = 1;
				DEVELOPMENT_ASSET_PATHS = "\"instagram-clone/Preview Content\"";
				DEVELOPMENT_TEAM = 5L558QAWJ3;
				ENABLE_PREVIEWS = YES;
				GENERATE_INFOPLIST_FILE = YES;
				INFOPLIST_KEY_UIApplicationSceneManifest_Generation = YES;
				INFOPLIST_KEY_UIApplicationSupportsIndirectInputEvents = YES;
				INFOPLIST_KEY_UILaunchScreen_Generation = YES;
				INFOPLIST_KEY_UISupportedInterfaceOrientations_iPad = "UIInterfaceOrientationPortrait UIInterfaceOrientationPortraitUpsideDown UIInterfaceOrientationLandscapeLeft UIInterfaceOrientationLandscapeRight";
				INFOPLIST_KEY_UISupportedInterfaceOrientations_iPhone = "UIInterfaceOrientationPortrait UIInterfaceOrientationLandscapeLeft UIInterfaceOrientationLandscapeRight";
				LD_RUNPATH_SEARCH_PATHS = (
					"$(inherited)",
					"@executable_path/Frameworks",
				);
				MARKETING_VERSION = 1.0;
				PRODUCT_BUNDLE_IDENTIFIER = "com.luisValdes.instagram-clone";
				PRODUCT_NAME = "$(TARGET_NAME)";
				SWIFT_EMIT_LOC_STRINGS = YES;
				SWIFT_VERSION = 5.0;
				TARGETED_DEVICE_FAMILY = "1,2";
			};
			name = Debug;
		};
		A0CF03BA2A81AA4C000216FE /* Release */ = {
			isa = XCBuildConfiguration;
			buildSettings = {
				ASSETCATALOG_COMPILER_APPICON_NAME = AppIcon;
				ASSETCATALOG_COMPILER_GLOBAL_ACCENT_COLOR_NAME = AccentColor;
				CODE_SIGN_STYLE = Automatic;
				CURRENT_PROJECT_VERSION = 1;
				DEVELOPMENT_ASSET_PATHS = "\"instagram-clone/Preview Content\"";
				DEVELOPMENT_TEAM = 5L558QAWJ3;
				ENABLE_PREVIEWS = YES;
				GENERATE_INFOPLIST_FILE = YES;
				INFOPLIST_KEY_UIApplicationSceneManifest_Generation = YES;
				INFOPLIST_KEY_UIApplicationSupportsIndirectInputEvents = YES;
				INFOPLIST_KEY_UILaunchScreen_Generation = YES;
				INFOPLIST_KEY_UISupportedInterfaceOrientations_iPad = "UIInterfaceOrientationPortrait UIInterfaceOrientationPortraitUpsideDown UIInterfaceOrientationLandscapeLeft UIInterfaceOrientationLandscapeRight";
				INFOPLIST_KEY_UISupportedInterfaceOrientations_iPhone = "UIInterfaceOrientationPortrait UIInterfaceOrientationLandscapeLeft UIInterfaceOrientationLandscapeRight";
				LD_RUNPATH_SEARCH_PATHS = (
					"$(inherited)",
					"@executable_path/Frameworks",
				);
				MARKETING_VERSION = 1.0;
				PRODUCT_BUNDLE_IDENTIFIER = "com.luisValdes.instagram-clone";
				PRODUCT_NAME = "$(TARGET_NAME)";
				SWIFT_EMIT_LOC_STRINGS = YES;
				SWIFT_VERSION = 5.0;
				TARGETED_DEVICE_FAMILY = "1,2";
			};
			name = Release;
		};
/* End XCBuildConfiguration section */

/* Begin XCConfigurationList section */
		A0CF03A52A81AA4B000216FE /* Build configuration list for PBXProject "instagram-clone" */ = {
			isa = XCConfigurationList;
			buildConfigurations = (
				A0CF03B62A81AA4C000216FE /* Debug */,
				A0CF03B72A81AA4C000216FE /* Release */,
			);
			defaultConfigurationIsVisible = 0;
			defaultConfigurationName = Release;
		};
		A0CF03B82A81AA4C000216FE /* Build configuration list for PBXNativeTarget "instagram-clone" */ = {
			isa = XCConfigurationList;
			buildConfigurations = (
				A0CF03B92A81AA4C000216FE /* Debug */,
				A0CF03BA2A81AA4C000216FE /* Release */,
			);
			defaultConfigurationIsVisible = 0;
			defaultConfigurationName = Release;
		};
/* End XCConfigurationList section */

/* Begin XCRemoteSwiftPackageReference section */
		A09DDE5B2A9152DA00D29FE7 /* XCRemoteSwiftPackageReference "firebase-ios-sdk" */ = {
			isa = XCRemoteSwiftPackageReference;
			repositoryURL = "https://github.com/firebase/firebase-ios-sdk";
			requirement = {
				kind = upToNextMajorVersion;
				minimumVersion = 10.0.0;
			};
		};
		A0F2530A2AA6269200E0FEF1 /* XCRemoteSwiftPackageReference "Kingfisher" */ = {
			isa = XCRemoteSwiftPackageReference;
			repositoryURL = "https://github.com/onevcat/Kingfisher.git";
			requirement = {
				kind = upToNextMajorVersion;
				minimumVersion = 7.0.0;
			};
		};
/* End XCRemoteSwiftPackageReference section */

/* Begin XCSwiftPackageProductDependency section */
		A09DDE5C2A9152DB00D29FE7 /* FirebaseAuth */ = {
			isa = XCSwiftPackageProductDependency;
			package = A09DDE5B2A9152DA00D29FE7 /* XCRemoteSwiftPackageReference "firebase-ios-sdk" */;
			productName = FirebaseAuth;
		};
		A09DDE5E2A9152DB00D29FE7 /* FirebaseFirestore */ = {
			isa = XCSwiftPackageProductDependency;
			package = A09DDE5B2A9152DA00D29FE7 /* XCRemoteSwiftPackageReference "firebase-ios-sdk" */;
			productName = FirebaseFirestore;
		};
		A09DDE602A9152DB00D29FE7 /* FirebaseFirestoreSwift */ = {
			isa = XCSwiftPackageProductDependency;
			package = A09DDE5B2A9152DA00D29FE7 /* XCRemoteSwiftPackageReference "firebase-ios-sdk" */;
			productName = FirebaseFirestoreSwift;
		};
		A09DDE622A9152DB00D29FE7 /* FirebaseStorage */ = {
			isa = XCSwiftPackageProductDependency;
			package = A09DDE5B2A9152DA00D29FE7 /* XCRemoteSwiftPackageReference "firebase-ios-sdk" */;
			productName = FirebaseStorage;
		};
		A0F2530B2AA6269200E0FEF1 /* Kingfisher */ = {
			isa = XCSwiftPackageProductDependency;
			package = A0F2530A2AA6269200E0FEF1 /* XCRemoteSwiftPackageReference "Kingfisher" */;
			productName = Kingfisher;
		};
/* End XCSwiftPackageProductDependency section */
	};
	rootObject = A0CF03A22A81AA4B000216FE /* Project object */;
}
